github.com/inconshreveable/muxado v0.0.0-20160802230925-fc182d90f26e h1:cGxXDVmb2KPSmd+gyhtZpjoG5V1rrnkyHKfUzzocry8=
github.com/inconshreveable/muxado v0.0.0-20160802230925-fc182d90f26e/go.mod h1:xyUGArB0mXxiyK0YKKcReixrakBqJtKtTLO9MmjTFT8=
github.com/joho/godotenv v1.5.1 h1:7eLL/+HRGLY0ldzfGMeQkb7vMd0as4CfYvUVzLqw0N0=
github.com/joho/godotenv v1.5.1/go.mod h1:f4LDr5Voq0i2e/R5DDNOoa2zzDfwtkZa6DnEwAbqwq4=
